
Microsoft Visual Studio Solution File, Format Version 12.00
# Visual Studio 15
VisualStudioVersion = 15.0.28307.489
MinimumVisualStudioVersion = 10.0.40219.1
Project("{FAE04EC0-301F-11D3-BF4B-00C04F79EFBC}") = "RazorApp", "RazorApp\RazorApp.csproj", "{B1D2ABBE-03BA-4D16-8DF2-E032C99B690A}"
EndProject
Project("{FAE04EC0-301F-11D3-BF4B-00C04F79EFBC}") = "RazorApp.Test", "RazorApp.Test\RazorApp.Test.csproj", "{0D0894FD-EBE1-47C2-8404-C2B6C0DB1298}"
EndProject
Global
	GlobalSection(SolutionConfigurationPlatforms) = preSolution
		Debug|Any CPU = Debug|Any CPU
		Release|Any CPU = Release|Any CPU
	EndGlobalSection
	GlobalSection(ProjectConfigurationPlatforms) = postSolution
		{B1D2ABBE-03BA-4D16-8DF2-E032C99B690A}.Debug|Any CPU.ActiveCfg = Debug|Any CPU
		{B1D2ABBE-03BA-4D16-8DF2-E032C99B690A}.Debug|Any CPU.Build.0 = Debug|Any CPU
		{B1D2ABBE-03BA-4D16-8DF2-E032C99B690A}.Release|Any CPU.ActiveCfg = Release|Any CPU
		{B1D2ABBE-03BA-4D16-8DF2-E032C99B690A}.Release|Any CPU.Build.0 = Release|Any CPU
		{0D0894FD-EBE1-47C2-8404-C2B6C0DB1298}.Debug|Any CPU.ActiveCfg = Debug|Any CPU
		{0D0894FD-EBE1-47C2-8404-C2B6C0DB1298}.Debug|Any CPU.Build.0 = Debug|Any CPU
		{0D0894FD-EBE1-47C2-8404-C2B6C0DB1298}.Release|Any CPU.ActiveCfg = Release|Any CPU
		{0D0894FD-EBE1-47C2-8404-C2B6C0DB1298}.Release|Any CPU.Build.0 = Release|Any CPU
	EndGlobalSection
	GlobalSection(SolutionProperties) = preSolution
		HideSolutionNode = FALSE
	EndGlobalSection
	GlobalSection(ExtensibilityGlobals) = postSolution
		SolutionGuid = {92B88233-AD0E-44E9-83AA-FCA16BB9B8D7}
	EndGlobalSection
EndGlobal
